
Microsoft Visual Studio Solution File, Format Version 12.00
# Visual Studio Version 16
VisualStudioVersion = 16.0.31727.386
MinimumVisualStudioVersion = 10.0.40219.1
Project("{9A19103F-16F7-4668-BE54-9A1E7A4F7556}") = "ASX43O_HFT_2021221.Client", "ASX43O_HFT_2021221.Client\ASX43O_HFT_2021221.Client.csproj", "{252B815C-C8DE-468D-BA7B-F135D227D382}"
EndProject
Project("{9A19103F-16F7-4668-BE54-9A1E7A4F7556}") = "ASX43O_HFT_2021221.Models", "ASX43O_HFT_2021221.Models\ASX43O_HFT_2021221.Models.csproj", "{A81148A5-25B7-4152-AF3C-B2A2C7CEB2A1}"
EndProject
Project("{9A19103F-16F7-4668-BE54-9A1E7A4F7556}") = "ASX43O_HFT_2021221.Data", "ASX43O_HFT_2021221.Data\ASX43O_HFT_2021221.Data.csproj", "{61999024-0627-47F2-BB08-38C5A75B4B7D}"
EndProject
Project("{9A19103F-16F7-4668-BE54-9A1E7A4F7556}") = "ASX43O_HFT_2021221.Logic", "ASX43O_HFT_2021221.Logic\ASX43O_HFT_2021221.Logic.csproj", "{2BE02537-EF8B-4E65-869F-42E2FE2ABC8C}"
EndProject
Project("{9A19103F-16F7-4668-BE54-9A1E7A4F7556}") = "ASX43O_HFT_2021221.Repository", "ASX43O_HFT_2021221.Repository\ASX43O_HFT_2021221.Repository.csproj", "{24BDFD7C-53E8-45CD-AF58-E891641E9E5A}"
EndProject
Project("{9A19103F-16F7-4668-BE54-9A1E7A4F7556}") = "ASX43O_HFT_2021221.Test", "ASX43O_HFT_2021221.Test\ASX43O_HFT_2021221.Test.csproj", "{CA132A3C-938D-4770-B353-22CDE1FDDE0F}"
EndProject
Project("{9A19103F-16F7-4668-BE54-9A1E7A4F7556}") = "ASX43O_HFT_2021221.Endpoint", "ASX43O_HFT_2021221.Endpoint\ASX43O_HFT_2021221.Endpoint.csproj", "{76D9D9CF-3460-4C1F-B3D5-67C8B435D001}"
EndProject
Project("{2150E333-8FDC-42A3-9474-1A3956D46DE8}") = "Backend", "Backend", "{F7155C95-59AC-4942-BFF7-3C41E48FD8A1}"
EndProject
Project("{2150E333-8FDC-42A3-9474-1A3956D46DE8}") = "Frontend", "Frontend", "{11FCE794-4E54-4726-BFF7-7B23A2B31093}"
EndProject
Project("{2150E333-8FDC-42A3-9474-1A3956D46DE8}") = "Shared", "Shared", "{A2B96175-077D-4ABC-9914-24679030E154}"
EndProject
Project("{2150E333-8FDC-42A3-9474-1A3956D46DE8}") = "Others", "Others", "{D844DCE1-FC03-4081-9197-4705480A9501}"
	ProjectSection(SolutionItems) = preProject
		.gitignore = .gitignore
	EndProjectSection
EndProject
Global
	GlobalSection(SolutionConfigurationPlatforms) = preSolution
		Debug|Any CPU = Debug|Any CPU
		Release|Any CPU = Release|Any CPU
	EndGlobalSection
	GlobalSection(ProjectConfigurationPlatforms) = postSolution
		{252B815C-C8DE-468D-BA7B-F135D227D382}.Debug|Any CPU.ActiveCfg = Debug|Any CPU
		{252B815C-C8DE-468D-BA7B-F135D227D382}.Debug|Any CPU.Build.0 = Debug|Any CPU
		{252B815C-C8DE-468D-BA7B-F135D227D382}.Release|Any CPU.ActiveCfg = Release|Any CPU
		{252B815C-C8DE-468D-BA7B-F135D227D382}.Release|Any CPU.Build.0 = Release|Any CPU
		{A81148A5-25B7-4152-AF3C-B2A2C7CEB2A1}.Debug|Any CPU.ActiveCfg = Debug|Any CPU
		{A81148A5-25B7-4152-AF3C-B2A2C7CEB2A1}.Debug|Any CPU.Build.0 = Debug|Any CPU
		{A81148A5-25B7-4152-AF3C-B2A2C7CEB2A1}.Release|Any CPU.ActiveCfg = Release|Any CPU
		{A81148A5-25B7-4152-AF3C-B2A2C7CEB2A1}.Release|Any CPU.Build.0 = Release|Any CPU
		{61999024-0627-47F2-BB08-38C5A75B4B7D}.Debug|Any CPU.ActiveCfg = Debug|Any CPU
		{61999024-0627-47F2-BB08-38C5A75B4B7D}.Debug|Any CPU.Build.0 = Debug|Any CPU
		{61999024-0627-47F2-BB08-38C5A75B4B7D}.Release|Any CPU.ActiveCfg = Release|Any CPU
		{61999024-0627-47F2-BB08-38C5A75B4B7D}.Release|Any CPU.Build.0 = Release|Any CPU
		{2BE02537-EF8B-4E65-869F-42E2FE2ABC8C}.Debug|Any CPU.ActiveCfg = Debug|Any CPU
		{2BE02537-EF8B-4E65-869F-42E2FE2ABC8C}.Debug|Any CPU.Build.0 = Debug|Any CPU
		{2BE02537-EF8B-4E65-869F-42E2FE2ABC8C}.Release|Any CPU.ActiveCfg = Release|Any CPU
		{2BE02537-EF8B-4E65-869F-42E2FE2ABC8C}.Release|Any CPU.Build.0 = Release|Any CPU
		{24BDFD7C-53E8-45CD-AF58-E891641E9E5A}.Debug|Any CPU.ActiveCfg = Debug|Any CPU
		{24BDFD7C-53E8-45CD-AF58-E891641E9E5A}.Debug|Any CPU.Build.0 = Debug|Any CPU
		{24BDFD7C-53E8-45CD-AF58-E891641E9E5A}.Release|Any CPU.ActiveCfg = Release|Any CPU
		{24BDFD7C-53E8-45CD-AF58-E891641E9E5A}.Release|Any CPU.Build.0 = Release|Any CPU
		{CA132A3C-938D-4770-B353-22CDE1FDDE0F}.Debug|Any CPU.ActiveCfg = Debug|Any CPU
		{CA132A3C-938D-4770-B353-22CDE1FDDE0F}.Debug|Any CPU.Build.0 = Debug|Any CPU
		{CA132A3C-938D-4770-B353-22CDE1FDDE0F}.Release|Any CPU.ActiveCfg = Release|Any CPU
		{CA132A3C-938D-4770-B353-22CDE1FDDE0F}.Release|Any CPU.Build.0 = Release|Any CPU
		{76D9D9CF-3460-4C1F-B3D5-67C8B435D001}.Debug|Any CPU.ActiveCfg = Debug|Any CPU
		{76D9D9CF-3460-4C1F-B3D5-67C8B435D001}.Debug|Any CPU.Build.0 = Debug|Any CPU
		{76D9D9CF-3460-4C1F-B3D5-67C8B435D001}.Release|Any CPU.ActiveCfg = Release|Any CPU
		{76D9D9CF-3460-4C1F-B3D5-67C8B435D001}.Release|Any CPU.Build.0 = Release|Any CPU
	EndGlobalSection
	GlobalSection(SolutionProperties) = preSolution
		HideSolutionNode = FALSE
	EndGlobalSection
	GlobalSection(NestedProjects) = preSolution
		{252B815C-C8DE-468D-BA7B-F135D227D382} = {11FCE794-4E54-4726-BFF7-7B23A2B31093}
		{A81148A5-25B7-4152-AF3C-B2A2C7CEB2A1} = {A2B96175-077D-4ABC-9914-24679030E154}
		{61999024-0627-47F2-BB08-38C5A75B4B7D} = {F7155C95-59AC-4942-BFF7-3C41E48FD8A1}
		{2BE02537-EF8B-4E65-869F-42E2FE2ABC8C} = {F7155C95-59AC-4942-BFF7-3C41E48FD8A1}
		{24BDFD7C-53E8-45CD-AF58-E891641E9E5A} = {F7155C95-59AC-4942-BFF7-3C41E48FD8A1}
		{CA132A3C-938D-4770-B353-22CDE1FDDE0F} = {F7155C95-59AC-4942-BFF7-3C41E48FD8A1}
		{76D9D9CF-3460-4C1F-B3D5-67C8B435D001} = {F7155C95-59AC-4942-BFF7-3C41E48FD8A1}
	EndGlobalSection
	GlobalSection(ExtensibilityGlobals) = postSolution
		SolutionGuid = {89E336D8-55B4-40B7-B196-5DE6543CBC8E}
	EndGlobalSection
EndGlobal
